// !$*UTF8*$!
{
	archiveVersion = 1;
	classes = {
	};
	objectVersion = 56;
	objects = {

/* Begin PBXBuildFile section */
		F266448C2C429FEB00C02E70 /* CountriesAppApp.swift in Sources */ = {isa = PBXBuildFile; fileRef = F266448B2C429FEB00C02E70 /* CountriesAppApp.swift */; };
		F266448E2C429FEB00C02E70 /* CountriesListView.swift in Sources */ = {isa = PBXBuildFile; fileRef = F266448D2C429FEB00C02E70 /* CountriesListView.swift */; };
		F26644902C429FEC00C02E70 /* Assets.xcassets in Resources */ = {isa = PBXBuildFile; fileRef = F266448F2C429FEC00C02E70 /* Assets.xcassets */; };
		F26644932C429FEC00C02E70 /* Preview Assets.xcassets in Resources */ = {isa = PBXBuildFile; fileRef = F26644922C429FEC00C02E70 /* Preview Assets.xcassets */; };
		F266449C2C42A0B500C02E70 /* Country.swift in Sources */ = {isa = PBXBuildFile; fileRef = F266449B2C42A0B500C02E70 /* Country.swift */; };
		F266449E2C42A26F00C02E70 /* CountryRowView.swift in Sources */ = {isa = PBXBuildFile; fileRef = F266449D2C42A26F00C02E70 /* CountryRowView.swift */; };
		F26644A12C42A5CA00C02E70 /* NetworkManager.swift in Sources */ = {isa = PBXBuildFile; fileRef = F26644A02C42A5CA00C02E70 /* NetworkManager.swift */; };
		F26644A32C42B18100C02E70 /* CountryFlag.swift in Sources */ = {isa = PBXBuildFile; fileRef = F26644A22C42B18100C02E70 /* CountryFlag.swift */; };
		F26644A52C42B18D00C02E70 /* CountryName.swift in Sources */ = {isa = PBXBuildFile; fileRef = F26644A42C42B18D00C02E70 /* CountryName.swift */; };
		F26644AC2C42B5B900C02E70 /* CountryDetailView.swift in Sources */ = {isa = PBXBuildFile; fileRef = F26644AB2C42B5B900C02E70 /* CountryDetailView.swift */; };
		F26644AE2C42B87300C02E70 /* Extensions.swift in Sources */ = {isa = PBXBuildFile; fileRef = F26644AD2C42B87300C02E70 /* Extensions.swift */; };
		F26644B12C42C6CC00C02E70 /* CountriesViewModel.swift in Sources */ = {isa = PBXBuildFile; fileRef = F26644B02C42C6CC00C02E70 /* CountriesViewModel.swift */; };
/* End PBXBuildFile section */

/* Begin PBXFileReference section */
		F26644882C429FEB00C02E70 /* CountriesApp.app */ = {isa = PBXFileReference; explicitFileType = wrapper.application; includeInIndex = 0; path = CountriesApp.app; sourceTree = BUILT_PRODUCTS_DIR; };
		F266448B2C429FEB00C02E70 /* CountriesAppApp.swift */ = {isa = PBXFileReference; lastKnownFileType = sourcecode.swift; path = CountriesAppApp.swift; sourceTree = "<group>"; };
		F266448D2C429FEB00C02E70 /* CountriesListView.swift */ = {isa = PBXFileReference; lastKnownFileType = sourcecode.swift; path = CountriesListView.swift; sourceTree = "<group>"; };
		F266448F2C429FEC00C02E70 /* Assets.xcassets */ = {isa = PBXFileReference; lastKnownFileType = folder.assetcatalog; path = Assets.xcassets; sourceTree = "<group>"; };
		F26644922C429FEC00C02E70 /* Preview Assets.xcassets */ = {isa = PBXFileReference; lastKnownFileType = folder.assetcatalog; path = "Preview Assets.xcassets"; sourceTree = "<group>"; };
		F266449B2C42A0B500C02E70 /* Country.swift */ = {isa = PBXFileReference; lastKnownFileType = sourcecode.swift; path = Country.swift; sourceTree = "<group>"; };
		F266449D2C42A26F00C02E70 /* CountryRowView.swift */ = {isa = PBXFileReference; lastKnownFileType = sourcecode.swift; path = CountryRowView.swift; sourceTree = "<group>"; };
		F26644A02C42A5CA00C02E70 /* NetworkManager.swift */ = {isa = PBXFileReference; lastKnownFileType = sourcecode.swift; path = NetworkManager.swift; sourceTree = "<group>"; };
		F26644A22C42B18100C02E70 /* CountryFlag.swift */ = {isa = PBXFileReference; lastKnownFileType = sourcecode.swift; path = CountryFlag.swift; sourceTree = "<group>"; };
		F26644A42C42B18D00C02E70 /* CountryName.swift */ = {isa = PBXFileReference; lastKnownFileType = sourcecode.swift; path = CountryName.swift; sourceTree = "<group>"; };
		F26644AB2C42B5B900C02E70 /* CountryDetailView.swift */ = {isa = PBXFileReference; lastKnownFileType = sourcecode.swift; path = CountryDetailView.swift; sourceTree = "<group>"; };
		F26644AD2C42B87300C02E70 /* Extensions.swift */ = {isa = PBXFileReference; lastKnownFileType = sourcecode.swift; path = Extensions.swift; sourceTree = "<group>"; };
		F26644B02C42C6CC00C02E70 /* CountriesViewModel.swift */ = {isa = PBXFileReference; lastKnownFileType = sourcecode.swift; path = CountriesViewModel.swift; sourceTree = "<group>"; };
/* End PBXFileReference section */

/* Begin PBXFrameworksBuildPhase section */
		F26644852C429FEB00C02E70 /* Frameworks */ = {
			isa = PBXFrameworksBuildPhase;
			buildActionMask = 2147483647;
			files = (
			);
			runOnlyForDeploymentPostprocessing = 0;
		};
/* End PBXFrameworksBuildPhase section */

/* Begin PBXGroup section */
		F266447F2C429FEB00C02E70 = {
			isa = PBXGroup;
			children = (
				F266448A2C429FEB00C02E70 /* CountriesApp */,
				F26644892C429FEB00C02E70 /* Products */,
			);
			sourceTree = "<group>";
		};
		F26644892C429FEB00C02E70 /* Products */ = {
			isa = PBXGroup;
			children = (
				F26644882C429FEB00C02E70 /* CountriesApp.app */,
			);
			name = Products;
			sourceTree = "<group>";
		};
		F266448A2C429FEB00C02E70 /* CountriesApp */ = {
			isa = PBXGroup;
			children = (
				F266449F2C42A58200C02E70 /* Manager */,
				F266449A2C42A0A200C02E70 /* Models */,
				F26644AF2C42C6BA00C02E70 /* ViewModels */,
				F26644992C42A09B00C02E70 /* Views */,
				F266448B2C429FEB00C02E70 /* CountriesAppApp.swift */,
				F26644AD2C42B87300C02E70 /* Extensions.swift */,
				F266448F2C429FEC00C02E70 /* Assets.xcassets */,
				F26644912C429FEC00C02E70 /* Preview Content */,
			);
			path = CountriesApp;
			sourceTree = "<group>";
		};
		F26644912C429FEC00C02E70 /* Preview Content */ = {
			isa = PBXGroup;
			children = (
				F26644922C429FEC00C02E70 /* Preview Assets.xcassets */,
			);
			path = "Preview Content";
			sourceTree = "<group>";
		};
		F26644992C42A09B00C02E70 /* Views */ = {
			isa = PBXGroup;
			children = (
				F26644A92C42B59A00C02E70 /* CountriesList */,
				F26644AA2C42B5AB00C02E70 /* CountryDetail */,
			);
			path = Views;
			sourceTree = "<group>";
		};
		F266449A2C42A0A200C02E70 /* Models */ = {
			isa = PBXGroup;
			children = (
				F266449B2C42A0B500C02E70 /* Country.swift */,
				F26644A82C42B2B400C02E70 /* CountrySubModels */,
			);
			path = Models;
			sourceTree = "<group>";
		};
		F266449F2C42A58200C02E70 /* Manager */ = {
			isa = PBXGroup;
			children = (
				F26644A02C42A5CA00C02E70 /* NetworkManager.swift */,
			);
			path = Manager;
			sourceTree = "<group>";
		};
		F26644A82C42B2B400C02E70 /* CountrySubModels */ = {
			isa = PBXGroup;
			children = (
				F26644A42C42B18D00C02E70 /* CountryName.swift */,
				F26644A22C42B18100C02E70 /* CountryFlag.swift */,
			);
			path = CountrySubModels;
			sourceTree = "<group>";
		};
		F26644A92C42B59A00C02E70 /* CountriesList */ = {
			isa = PBXGroup;
			children = (
				F266448D2C429FEB00C02E70 /* CountriesListView.swift */,
				F266449D2C42A26F00C02E70 /* CountryRowView.swift */,
			);
			path = CountriesList;
			sourceTree = "<group>";
		};
		F26644AA2C42B5AB00C02E70 /* CountryDetail */ = {
			isa = PBXGroup;
			children = (
				F26644AB2C42B5B900C02E70 /* CountryDetailView.swift */,
			);
			path = CountryDetail;
			sourceTree = "<group>";
		};
		F26644AF2C42C6BA00C02E70 /* ViewModels */ = {
			isa = PBXGroup;
			children = (
				F26644B02C42C6CC00C02E70 /* CountriesViewModel.swift */,
			);
			path = ViewModels;
			sourceTree = "<group>";
		};
/* End PBXGroup section */

/* Begin PBXNativeTarget section */
		F26644872C429FEB00C02E70 /* CountriesApp */ = {
			isa = PBXNativeTarget;
			buildConfigurationList = F26644962C429FEC00C02E70 /* Build configuration list for PBXNativeTarget "CountriesApp" */;
			buildPhases = (
				F26644842C429FEB00C02E70 /* Sources */,
				F26644852C429FEB00C02E70 /* Frameworks */,
				F26644862C429FEB00C02E70 /* Resources */,
			);
			buildRules = (
			);
			dependencies = (
			);
			name = CountriesApp;
			productName = CountriesApp;
			productReference = F26644882C429FEB00C02E70 /* CountriesApp.app */;
			productType = "com.apple.product-type.application";
		};
/* End PBXNativeTarget section */

/* Begin PBXProject section */
		F26644802C429FEB00C02E70 /* Project object */ = {
			isa = PBXProject;
			attributes = {
				BuildIndependentTargetsInParallel = 1;
				LastSwiftUpdateCheck = 1500;
				LastUpgradeCheck = 1500;
				TargetAttributes = {
					F26644872C429FEB00C02E70 = {
						CreatedOnToolsVersion = 15.0;
					};
				};
			};
			buildConfigurationList = F26644832C429FEB00C02E70 /* Build configuration list for PBXProject "CountriesApp" */;
			compatibilityVersion = "Xcode 14.0";
			developmentRegion = en;
			hasScannedForEncodings = 0;
			knownRegions = (
				en,
				Base,
			);
			mainGroup = F266447F2C429FEB00C02E70;
			productRefGroup = F26644892C429FEB00C02E70 /* Products */;
			projectDirPath = "";
			projectRoot = "";
			targets = (
				F26644872C429FEB00C02E70 /* CountriesApp */,
			);
		};
/* End PBXProject section */

/* Begin PBXResourcesBuildPhase section */
		F26644862C429FEB00C02E70 /* Resources */ = {
			isa = PBXResourcesBuildPhase;
			buildActionMask = 2147483647;
			files = (
				F26644932C429FEC00C02E70 /* Preview Assets.xcassets in Resources */,
				F26644902C429FEC00C02E70 /* Assets.xcassets in Resources */,
			);
			runOnlyForDeploymentPostprocessing = 0;
		};
/* End PBXResourcesBuildPhase section */

/* Begin PBXSourcesBuildPhase section */
		F26644842C429FEB00C02E70 /* Sources */ = {
			isa = PBXSourcesBuildPhase;
			buildActionMask = 2147483647;
			files = (
				F266448E2C429FEB00C02E70 /* CountriesListView.swift in Sources */,
				F26644AE2C42B87300C02E70 /* Extensions.swift in Sources */,
				F26644A32C42B18100C02E70 /* CountryFlag.swift in Sources */,
				F26644B12C42C6CC00C02E70 /* CountriesViewModel.swift in Sources */,
				F266449C2C42A0B500C02E70 /* Country.swift in Sources */,
				F26644A12C42A5CA00C02E70 /* NetworkManager.swift in Sources */,
				F26644AC2C42B5B900C02E70 /* CountryDetailView.swift in Sources */,
				F266449E2C42A26F00C02E70 /* CountryRowView.swift in Sources */,
				F26644A52C42B18D00C02E70 /* CountryName.swift in Sources */,
				F266448C2C429FEB00C02E70 /* CountriesAppApp.swift in Sources */,
			);
			runOnlyForDeploymentPostprocessing = 0;
		};
/* End PBXSourcesBuildPhase section */

/* Begin XCBuildConfiguration section */
		F26644942C429FEC00C02E70 /* Debug */ = {
			isa = XCBuildConfiguration;
			buildSettings = {
				ALWAYS_SEARCH_USER_PATHS = NO;
				ASSETCATALOG_COMPILER_GENERATE_SWIFT_ASSET_SYMBOL_EXTENSIONS = YES;
				CLANG_ANALYZER_NONNULL = YES;
				CLANG_ANALYZER_NUMBER_OBJECT_CONVERSION = YES_AGGRESSIVE;
				CLANG_CXX_LANGUAGE_STANDARD = "gnu++20";
				CLANG_ENABLE_MODULES = YES;
				CLANG_ENABLE_OBJC_ARC = YES;
				CLANG_ENABLE_OBJC_WEAK = YES;
				CLANG_WARN_BLOCK_CAPTURE_AUTORELEASING = YES;
				CLANG_WARN_BOOL_CONVERSION = YES;
				CLANG_WARN_COMMA = YES;
				CLANG_WARN_CONSTANT_CONVERSION = YES;
				CLANG_WARN_DEPRECATED_OBJC_IMPLEMENTATIONS = YES;
				CLANG_WARN_DIRECT_OBJC_ISA_USAGE = YES_ERROR;
				CLANG_WARN_DOCUMENTATION_COMMENTS = YES;
				CLANG_WARN_EMPTY_BODY = YES;
				CLANG_WARN_ENUM_CONVERSION = YES;
				CLANG_WARN_INFINITE_RECURSION = YES;
				CLANG_WARN_INT_CONVERSION = YES;
				CLANG_WARN_NON_LITERAL_NULL_CONVERSION = YES;
				CLANG_WARN_OBJC_IMPLICIT_RETAIN_SELF = YES;
				CLANG_WARN_OBJC_LITERAL_CONVERSION = YES;
				CLANG_WARN_OBJC_ROOT_CLASS = YES_ERROR;
				CLANG_WARN_QUOTED_INCLUDE_IN_FRAMEWORK_HEADER = YES;
				CLANG_WARN_RANGE_LOOP_ANALYSIS = YES;
				CLANG_WARN_STRICT_PROTOTYPES = YES;
				CLANG_WARN_SUSPICIOUS_MOVE = YES;
				CLANG_WARN_UNGUARDED_AVAILABILITY = YES_AGGRESSIVE;
				CLANG_WARN_UNREACHABLE_CODE = YES;
				CLANG_WARN__DUPLICATE_METHOD_MATCH = YES;
				COPY_PHASE_STRIP = NO;
				DEBUG_INFORMATION_FORMAT = dwarf;
				ENABLE_STRICT_OBJC_MSGSEND = YES;
				ENABLE_TESTABILITY = YES;
				ENABLE_USER_SCRIPT_SANDBOXING = YES;
				GCC_C_LANGUAGE_STANDARD = gnu17;
				GCC_DYNAMIC_NO_PIC = NO;
				GCC_NO_COMMON_BLOCKS = YES;
				GCC_OPTIMIZATION_LEVEL = 0;
				GCC_PREPROCESSOR_DEFINITIONS = (
					"DEBUG=1",
					"$(inherited)",
				);
				GCC_WARN_64_TO_32_BIT_CONVERSION = YES;
				GCC_WARN_ABOUT_RETURN_TYPE = YES_ERROR;
				GCC_WARN_UNDECLARED_SELECTOR = YES;
				GCC_WARN_UNINITIALIZED_AUTOS = YES_AGGRESSIVE;
				GCC_WARN_UNUSED_FUNCTION = YES;
				GCC_WARN_UNUSED_VARIABLE = YES;
				IPHONEOS_DEPLOYMENT_TARGET = 17.0;
				LOCALIZATION_PREFERS_STRING_CATALOGS = YES;
				MTL_ENABLE_DEBUG_INFO = INCLUDE_SOURCE;
				MTL_FAST_MATH = YES;
				ONLY_ACTIVE_ARCH = YES;
				SDKROOT = iphoneos;
				SWIFT_ACTIVE_COMPILATION_CONDITIONS = "DEBUG $(inherited)";
				SWIFT_OPTIMIZATION_LEVEL = "-Onone";
			};
			name = Debug;
		};
		F26644952C429FEC00C02E70 /* Release */ = {
			isa = XCBuildConfiguration;
			buildSettings = {
				ALWAYS_SEARCH_USER_PATHS = NO;
				ASSETCATALOG_COMPILER_GENERATE_SWIFT_ASSET_SYMBOL_EXTENSIONS = YES;
				CLANG_ANALYZER_NONNULL = YES;
				CLANG_ANALYZER_NUMBER_OBJECT_CONVERSION = YES_AGGRESSIVE;
				CLANG_CXX_LANGUAGE_STANDARD = "gnu++20";
				CLANG_ENABLE_MODULES = YES;
				CLANG_ENABLE_OBJC_ARC = YES;
				CLANG_ENABLE_OBJC_WEAK = YES;
				CLANG_WARN_BLOCK_CAPTURE_AUTORELEASING = YES;
				CLANG_WARN_BOOL_CONVERSION = YES;
				CLANG_WARN_COMMA = YES;
				CLANG_WARN_CONSTANT_CONVERSION = YES;
				CLANG_WARN_DEPRECATED_OBJC_IMPLEMENTATIONS = YES;
				CLANG_WARN_DIRECT_OBJC_ISA_USAGE = YES_ERROR;
				CLANG_WARN_DOCUMENTATION_COMMENTS = YES;
				CLANG_WARN_EMPTY_BODY = YES;
				CLANG_WARN_ENUM_CONVERSION = YES;
				CLANG_WARN_INFINITE_RECURSION = YES;
				CLANG_WARN_INT_CONVERSION = YES;
				CLANG_WARN_NON_LITERAL_NULL_CONVERSION = YES;
				CLANG_WARN_OBJC_IMPLICIT_RETAIN_SELF = YES;
				CLANG_WARN_OBJC_LITERAL_CONVERSION = YES;
				CLANG_WARN_OBJC_ROOT_CLASS = YES_ERROR;
				CLANG_WARN_QUOTED_INCLUDE_IN_FRAMEWORK_HEADER = YES;
				CLANG_WARN_RANGE_LOOP_ANALYSIS = YES;
				CLANG_WARN_STRICT_PROTOTYPES = YES;
				CLANG_WARN_SUSPICIOUS_MOVE = YES;
				CLANG_WARN_UNGUARDED_AVAILABILITY = YES_AGGRESSIVE;
				CLANG_WARN_UNREACHABLE_CODE = YES;
				CLANG_WARN__DUPLICATE_METHOD_MATCH = YES;
				COPY_PHASE_STRIP = NO;
				DEBUG_INFORMATION_FORMAT = "dwarf-with-dsym";
				ENABLE_NS_ASSERTIONS = NO;
				ENABLE_STRICT_OBJC_MSGSEND = YES;
				ENABLE_USER_SCRIPT_SANDBOXING = YES;
				GCC_C_LANGUAGE_STANDARD = gnu17;
				GCC_NO_COMMON_BLOCKS = YES;
				GCC_WARN_64_TO_32_BIT_CONVERSION = YES;
				GCC_WARN_ABOUT_RETURN_TYPE = YES_ERROR;
				GCC_WARN_UNDECLARED_SELECTOR = YES;
				GCC_WARN_UNINITIALIZED_AUTOS = YES_AGGRESSIVE;
				GCC_WARN_UNUSED_FUNCTION = YES;
				GCC_WARN_UNUSED_VARIABLE = YES;
				IPHONEOS_DEPLOYMENT_TARGET = 17.0;
				LOCALIZATION_PREFERS_STRING_CATALOGS = YES;
				MTL_ENABLE_DEBUG_INFO = NO;
				MTL_FAST_MATH = YES;
				SDKROOT = iphoneos;
				SWIFT_COMPILATION_MODE = wholemodule;
				VALIDATE_PRODUCT = YES;
			};
			name = Release;
		};
		F26644972C429FEC00C02E70 /* Debug */ = {
			isa = XCBuildConfiguration;
			buildSettings = {
				ASSETCATALOG_COMPILER_APPICON_NAME = AppIcon;
				ASSETCATALOG_COMPILER_GLOBAL_ACCENT_COLOR_NAME = AccentColor;
				CODE_SIGN_STYLE = Automatic;
				CURRENT_PROJECT_VERSION = 1;
				DEVELOPMENT_ASSET_PATHS = "\"CountriesApp/Preview Content\"";
				DEVELOPMENT_TEAM = LZB8X3995T;
				ENABLE_PREVIEWS = YES;
				GENERATE_INFOPLIST_FILE = YES;
				INFOPLIST_KEY_UIApplicationSceneManifest_Generation = YES;
				INFOPLIST_KEY_UIApplicationSupportsIndirectInputEvents = YES;
				INFOPLIST_KEY_UILaunchScreen_Generation = YES;
				INFOPLIST_KEY_UISupportedInterfaceOrientations_iPad = "UIInterfaceOrientationPortrait UIInterfaceOrientationPortraitUpsideDown UIInterfaceOrientationLandscapeLeft UIInterfaceOrientationLandscapeRight";
				INFOPLIST_KEY_UISupportedInterfaceOrientations_iPhone = "UIInterfaceOrientationPortrait UIInterfaceOrientationLandscapeLeft UIInterfaceOrientationLandscapeRight";
				IPHONEOS_DEPLOYMENT_TARGET = 15.0;
				LD_RUNPATH_SEARCH_PATHS = (
					"$(inherited)",
					"@executable_path/Frameworks",
				);
				MARKETING_VERSION = 1.0;
				PRODUCT_BUNDLE_IDENTIFIER = com.kim.CountriesApp;
				PRODUCT_NAME = "$(TARGET_NAME)";
				SWIFT_EMIT_LOC_STRINGS = YES;
				SWIFT_VERSION = 5.0;
				TARGETED_DEVICE_FAMILY = "1,2";
			};
			name = Debug;
		};
		F26644982C429FEC00C02E70 /* Release */ = {
			isa = XCBuildConfiguration;
			buildSettings = {
				ASSETCATALOG_COMPILER_APPICON_NAME = AppIcon;
				ASSETCATALOG_COMPILER_GLOBAL_ACCENT_COLOR_NAME = AccentColor;
				CODE_SIGN_STYLE = Automatic;
				CURRENT_PROJECT_VERSION = 1;
				DEVELOPMENT_ASSET_PATHS = "\"CountriesApp/Preview Content\"";
				DEVELOPMENT_TEAM = LZB8X3995T;
				ENABLE_PREVIEWS = YES;
				GENERATE_INFOPLIST_FILE = YES;
				INFOPLIST_KEY_UIApplicationSceneManifest_Generation = YES;
				INFOPLIST_KEY_UIApplicationSupportsIndirectInputEvents = YES;
				INFOPLIST_KEY_UILaunchScreen_Generation = YES;
				INFOPLIST_KEY_UISupportedInterfaceOrientations_iPad = "UIInterfaceOrientationPortrait UIInterfaceOrientationPortraitUpsideDown UIInterfaceOrientationLandscapeLeft UIInterfaceOrientationLandscapeRight";
				INFOPLIST_KEY_UISupportedInterfaceOrientations_iPhone = "UIInterfaceOrientationPortrait UIInterfaceOrientationLandscapeLeft UIInterfaceOrientationLandscapeRight";
				IPHONEOS_DEPLOYMENT_TARGET = 15.0;
				LD_RUNPATH_SEARCH_PATHS = (
					"$(inherited)",
					"@executable_path/Frameworks",
				);
				MARKETING_VERSION = 1.0;
				PRODUCT_BUNDLE_IDENTIFIER = com.kim.CountriesApp;
				PRODUCT_NAME = "$(TARGET_NAME)";
				SWIFT_EMIT_LOC_STRINGS = YES;
				SWIFT_VERSION = 5.0;
				TARGETED_DEVICE_FAMILY = "1,2";
			};
			name = Release;
		};
/* End XCBuildConfiguration section */

/* Begin XCConfigurationList section */
		F26644832C429FEB00C02E70 /* Build configuration list for PBXProject "CountriesApp" */ = {
			isa = XCConfigurationList;
			buildConfigurations = (
				F26644942C429FEC00C02E70 /* Debug */,
				F26644952C429FEC00C02E70 /* Release */,
			);
			defaultConfigurationIsVisible = 0;
			defaultConfigurationName = Release;
		};
		F26644962C429FEC00C02E70 /* Build configuration list for PBXNativeTarget "CountriesApp" */ = {
			isa = XCConfigurationList;
			buildConfigurations = (
				F26644972C429FEC00C02E70 /* Debug */,
				F26644982C429FEC00C02E70 /* Release */,
			);
			defaultConfigurationIsVisible = 0;
			defaultConfigurationName = Release;
		};
/* End XCConfigurationList section */
	};
	rootObject = F26644802C429FEB00C02E70 /* Project object */;
}
